// !$*UTF8*$!
{
	archiveVersion = 1;
	classes = {
	};
	objectVersion = 55;
	objects = {

/* Begin PBXBuildFile section */
		4B005707283F2FA80054304A /* MeCell.swift in Sources */ = {isa = PBXBuildFile; fileRef = 4B005706283F2FA80054304A /* MeCell.swift */; };
		4B00570A283F3EA00054304A /* Me_HomeList.swift in Sources */ = {isa = PBXBuildFile; fileRef = 4B005709283F3EA00054304A /* Me_HomeList.swift */; };
		4B00570C283F51860054304A /* MePageHeaderV.swift in Sources */ = {isa = PBXBuildFile; fileRef = 4B00570B283F51860054304A /* MePageHeaderV.swift */; };
		4B00570E283F57510054304A /* PersonalMessageVC.swift in Sources */ = {isa = PBXBuildFile; fileRef = 4B00570D283F57510054304A /* PersonalMessageVC.swift */; };
		4B005710283F83A70054304A /* MeIconVC.swift in Sources */ = {isa = PBXBuildFile; fileRef = 4B00570F283F83A70054304A /* MeIconVC.swift */; };
		4B005712283F85AF0054304A /* ChangeNickNameVC.swift in Sources */ = {isa = PBXBuildFile; fileRef = 4B005711283F85AF0054304A /* ChangeNickNameVC.swift */; };
		4B00571428405DA70054304A /* MapView.swift in Sources */ = {isa = PBXBuildFile; fileRef = 4B00571328405DA70054304A /* MapView.swift */; };
		4B00571628405F260054304A /* MapInfoVIew.swift in Sources */ = {isa = PBXBuildFile; fileRef = 4B00571528405F260054304A /* MapInfoVIew.swift */; };
		4B00571828405FB40054304A /* CircleImage.swift in Sources */ = {isa = PBXBuildFile; fileRef = 4B00571728405FB40054304A /* CircleImage.swift */; };
		4B00571B284066600054304A /* landmarkData.json in Resources */ = {isa = PBXBuildFile; fileRef = 4B00571A284066600054304A /* landmarkData.json */; };
		4B00571D2840669B0054304A /* Landmark.swift in Sources */ = {isa = PBXBuildFile; fileRef = 4B00571C2840669B0054304A /* Landmark.swift */; };
		4B00572028406AC40054304A /* ModelData.swift in Sources */ = {isa = PBXBuildFile; fileRef = 4B00571F28406AC30054304A /* ModelData.swift */; };
		4B00572228406D7F0054304A /* LandmarkRow.swift in Sources */ = {isa = PBXBuildFile; fileRef = 4B00572128406D7F0054304A /* LandmarkRow.swift */; };
		4B005724284073440054304A /* LandmarkList.swift in Sources */ = {isa = PBXBuildFile; fileRef = 4B005723284073440054304A /* LandmarkList.swift */; };
		4B005726284084990054304A /* FavoriteButton.swift in Sources */ = {isa = PBXBuildFile; fileRef = 4B005725284084990054304A /* FavoriteButton.swift */; };
		4B00572D2840A4450054304A /* HexagonParameters.swift in Sources */ = {isa = PBXBuildFile; fileRef = 4B00572C2840A4450054304A /* HexagonParameters.swift */; };
		4B00572F2840A6900054304A /* BadgeBackground.swift in Sources */ = {isa = PBXBuildFile; fileRef = 4B00572E2840A6900054304A /* BadgeBackground.swift */; };
		4B0057312840ACEC0054304A /* BadgeSymbol.swift in Sources */ = {isa = PBXBuildFile; fileRef = 4B0057302840ACEC0054304A /* BadgeSymbol.swift */; };
		4B0057332840AD690054304A /* RotatedBadgeSymbol.swift in Sources */ = {isa = PBXBuildFile; fileRef = 4B0057322840AD690054304A /* RotatedBadgeSymbol.swift */; };
		4B0057352840ADC70054304A /* Badge.swift in Sources */ = {isa = PBXBuildFile; fileRef = 4B0057342840ADC70054304A /* Badge.swift */; };
		4B0057372840AFE30054304A /* hikeData.json in Resources */ = {isa = PBXBuildFile; fileRef = 4B0057362840AFE30054304A /* hikeData.json */; };
		4B0057392840B01D0054304A /* Hike.swift in Sources */ = {isa = PBXBuildFile; fileRef = 4B0057382840B01D0054304A /* Hike.swift */; };
		4B00573F2840B2070054304A /* GraphCapsule.swift in Sources */ = {isa = PBXBuildFile; fileRef = 4B00573B2840B2070054304A /* GraphCapsule.swift */; };
		4B0057402840B2070054304A /* HikeGraph.swift in Sources */ = {isa = PBXBuildFile; fileRef = 4B00573C2840B2070054304A /* HikeGraph.swift */; };
		4B0057412840B2070054304A /* HikeDetail.swift in Sources */ = {isa = PBXBuildFile; fileRef = 4B00573D2840B2070054304A /* HikeDetail.swift */; };
		4B0057422840B2070054304A /* HikeView.swift in Sources */ = {isa = PBXBuildFile; fileRef = 4B00573E2840B2070054304A /* HikeView.swift */; };
		4B0057442840BA070054304A /* UserInfo.swift in Sources */ = {isa = PBXBuildFile; fileRef = 4B0057432840BA070054304A /* UserInfo.swift */; };
		4B0057462840BCE30054304A /* UserDefault-Extern.swift in Sources */ = {isa = PBXBuildFile; fileRef = 4B0057452840BCE30054304A /* UserDefault-Extern.swift */; };
		4B0057482840CA5F0054304A /* SexPage.swift in Sources */ = {isa = PBXBuildFile; fileRef = 4B0057472840CA5F0054304A /* SexPage.swift */; };
		4B00574A2840D4D10054304A /* ChangePasswordPage.swift in Sources */ = {isa = PBXBuildFile; fileRef = 4B0057492840D4D10054304A /* ChangePasswordPage.swift */; };
		4B00574C28421C520054304A /* modifier.swift in Sources */ = {isa = PBXBuildFile; fileRef = 4B00574B28421C520054304A /* modifier.swift */; };
		4B00574E28422D230054304A /* MessageSFInfo.swift in Sources */ = {isa = PBXBuildFile; fileRef = 4B00574D28422D230054304A /* MessageSFInfo.swift */; };
		4B0057512842747A0054304A /* CavansPage.swift in Sources */ = {isa = PBXBuildFile; fileRef = 4B0057502842747A0054304A /* CavansPage.swift */; };
		4B005754284309A50054304A /* Tabbar.swift in Sources */ = {isa = PBXBuildFile; fileRef = 4B005753284309A50054304A /* Tabbar.swift */; };
		4B005756284313260054304A /* Tab.swift in Sources */ = {isa = PBXBuildFile; fileRef = 4B005755284313260054304A /* Tab.swift */; };
		4B00575A284490C30054304A /* LoginPage.swift in Sources */ = {isa = PBXBuildFile; fileRef = 4B005759284490C30054304A /* LoginPage.swift */; };
		4B0057682845C49A0054304A /* TempView.swift in Sources */ = {isa = PBXBuildFile; fileRef = 4B0057672845C49A0054304A /* TempView.swift */; };
		4B00576B2845F2F90054304A /* HomeListData.json in Resources */ = {isa = PBXBuildFile; fileRef = 4B00576A2845F2F90054304A /* HomeListData.json */; };
		4B00576E2845F39B0054304A /* HomeListModel.swift in Sources */ = {isa = PBXBuildFile; fileRef = 4B00576D2845F39B0054304A /* HomeListModel.swift */; };
		4BD7AD5A283F245D00EE63FE /* ZXSwiftUI_ProductApp.swift in Sources */ = {isa = PBXBuildFile; fileRef = 4BD7AD59283F245D00EE63FE /* ZXSwiftUI_ProductApp.swift */; };
		4BD7AD5C283F245D00EE63FE /* ContentView.swift in Sources */ = {isa = PBXBuildFile; fileRef = 4BD7AD5B283F245D00EE63FE /* ContentView.swift */; };
		4BD7AD5E283F245E00EE63FE /* Assets.xcassets in Resources */ = {isa = PBXBuildFile; fileRef = 4BD7AD5D283F245E00EE63FE /* Assets.xcassets */; };
		4BD7AD61283F245E00EE63FE /* Preview Assets.xcassets in Resources */ = {isa = PBXBuildFile; fileRef = 4BD7AD60283F245E00EE63FE /* Preview Assets.xcassets */; };
		4BD7AD6D283F25A900EE63FE /* HomeVC.swift in Sources */ = {isa = PBXBuildFile; fileRef = 4BD7AD6C283F25A900EE63FE /* HomeVC.swift */; };
		4BD7AD70283F25D200EE63FE /* MeVC.swift in Sources */ = {isa = PBXBuildFile; fileRef = 4BD7AD6F283F25D200EE63FE /* MeVC.swift */; };
		4BD7AD73283F25E900EE63FE /* AddressVC.swift in Sources */ = {isa = PBXBuildFile; fileRef = 4BD7AD72283F25E900EE63FE /* AddressVC.swift */; };
		4BD7AD76283F25FD00EE63FE /* MessageVC.swift in Sources */ = {isa = PBXBuildFile; fileRef = 4BD7AD75283F25FD00EE63FE /* MessageVC.swift */; };
/* End PBXBuildFile section */

/* Begin PBXFileReference section */
		4B005706283F2FA80054304A /* MeCell.swift */ = {isa = PBXFileReference; lastKnownFileType = sourcecode.swift; path = MeCell.swift; sourceTree = "<group>"; };
		4B005709283F3EA00054304A /* Me_HomeList.swift */ = {isa = PBXFileReference; lastKnownFileType = sourcecode.swift; path = Me_HomeList.swift; sourceTree = "<group>"; };
		4B00570B283F51860054304A /* MePageHeaderV.swift */ = {isa = PBXFileReference; lastKnownFileType = sourcecode.swift; path = MePageHeaderV.swift; sourceTree = "<group>"; };
		4B00570D283F57510054304A /* PersonalMessageVC.swift */ = {isa = PBXFileReference; lastKnownFileType = sourcecode.swift; path = PersonalMessageVC.swift; sourceTree = "<group>"; };
		4B00570F283F83A70054304A /* MeIconVC.swift */ = {isa = PBXFileReference; lastKnownFileType = sourcecode.swift; path = MeIconVC.swift; sourceTree = "<group>"; };
		4B005711283F85AF0054304A /* ChangeNickNameVC.swift */ = {isa = PBXFileReference; lastKnownFileType = sourcecode.swift; path = ChangeNickNameVC.swift; sourceTree = "<group>"; };
		4B00571328405DA70054304A /* MapView.swift */ = {isa = PBXFileReference; lastKnownFileType = sourcecode.swift; path = MapView.swift; sourceTree = "<group>"; };
		4B00571528405F260054304A /* MapInfoVIew.swift */ = {isa = PBXFileReference; lastKnownFileType = sourcecode.swift; path = MapInfoVIew.swift; sourceTree = "<group>"; };
		4B00571728405FB40054304A /* CircleImage.swift */ = {isa = PBXFileReference; lastKnownFileType = sourcecode.swift; path = CircleImage.swift; sourceTree = "<group>"; };
		4B00571A284066600054304A /* landmarkData.json */ = {isa = PBXFileReference; fileEncoding = 4; lastKnownFileType = text.json; path = landmarkData.json; sourceTree = "<group>"; };
		4B00571C2840669B0054304A /* Landmark.swift */ = {isa = PBXFileReference; lastKnownFileType = sourcecode.swift; path = Landmark.swift; sourceTree = "<group>"; };
		4B00571F28406AC30054304A /* ModelData.swift */ = {isa = PBXFileReference; lastKnownFileType = sourcecode.swift; path = ModelData.swift; sourceTree = "<group>"; };
		4B00572128406D7F0054304A /* LandmarkRow.swift */ = {isa = PBXFileReference; lastKnownFileType = sourcecode.swift; path = LandmarkRow.swift; sourceTree = "<group>"; };
		4B005723284073440054304A /* LandmarkList.swift */ = {isa = PBXFileReference; lastKnownFileType = sourcecode.swift; path = LandmarkList.swift; sourceTree = "<group>"; };
		4B005725284084990054304A /* FavoriteButton.swift */ = {isa = PBXFileReference; lastKnownFileType = sourcecode.swift; path = FavoriteButton.swift; sourceTree = "<group>"; };
		4B00572C2840A4450054304A /* HexagonParameters.swift */ = {isa = PBXFileReference; lastKnownFileType = sourcecode.swift; path = HexagonParameters.swift; sourceTree = "<group>"; };
		4B00572E2840A6900054304A /* BadgeBackground.swift */ = {isa = PBXFileReference; lastKnownFileType = sourcecode.swift; path = BadgeBackground.swift; sourceTree = "<group>"; };
		4B0057302840ACEC0054304A /* BadgeSymbol.swift */ = {isa = PBXFileReference; lastKnownFileType = sourcecode.swift; path = BadgeSymbol.swift; sourceTree = "<group>"; };
		4B0057322840AD690054304A /* RotatedBadgeSymbol.swift */ = {isa = PBXFileReference; lastKnownFileType = sourcecode.swift; path = RotatedBadgeSymbol.swift; sourceTree = "<group>"; };
		4B0057342840ADC70054304A /* Badge.swift */ = {isa = PBXFileReference; lastKnownFileType = sourcecode.swift; path = Badge.swift; sourceTree = "<group>"; };
		4B0057362840AFE30054304A /* hikeData.json */ = {isa = PBXFileReference; fileEncoding = 4; lastKnownFileType = text.json; path = hikeData.json; sourceTree = "<group>"; };
		4B0057382840B01D0054304A /* Hike.swift */ = {isa = PBXFileReference; lastKnownFileType = sourcecode.swift; path = Hike.swift; sourceTree = "<group>"; };
		4B00573B2840B2070054304A /* GraphCapsule.swift */ = {isa = PBXFileReference; fileEncoding = 4; lastKnownFileType = sourcecode.swift; path = GraphCapsule.swift; sourceTree = "<group>"; };
		4B00573C2840B2070054304A /* HikeGraph.swift */ = {isa = PBXFileReference; fileEncoding = 4; lastKnownFileType = sourcecode.swift; path = HikeGraph.swift; sourceTree = "<group>"; };
		4B00573D2840B2070054304A /* HikeDetail.swift */ = {isa = PBXFileReference; fileEncoding = 4; lastKnownFileType = sourcecode.swift; path = HikeDetail.swift; sourceTree = "<group>"; };
		4B00573E2840B2070054304A /* HikeView.swift */ = {isa = PBXFileReference; fileEncoding = 4; lastKnownFileType = sourcecode.swift; path = HikeView.swift; sourceTree = "<group>"; };
		4B0057432840BA070054304A /* UserInfo.swift */ = {isa = PBXFileReference; lastKnownFileType = sourcecode.swift; path = UserInfo.swift; sourceTree = "<group>"; };
		4B0057452840BCE30054304A /* UserDefault-Extern.swift */ = {isa = PBXFileReference; lastKnownFileType = sourcecode.swift; path = "UserDefault-Extern.swift"; sourceTree = "<group>"; };
		4B0057472840CA5F0054304A /* SexPage.swift */ = {isa = PBXFileReference; lastKnownFileType = sourcecode.swift; path = SexPage.swift; sourceTree = "<group>"; };
		4B0057492840D4D10054304A /* ChangePasswordPage.swift */ = {isa = PBXFileReference; lastKnownFileType = sourcecode.swift; path = ChangePasswordPage.swift; sourceTree = "<group>"; };
		4B00574B28421C520054304A /* modifier.swift */ = {isa = PBXFileReference; lastKnownFileType = sourcecode.swift; path = modifier.swift; sourceTree = "<group>"; };
		4B00574D28422D230054304A /* MessageSFInfo.swift */ = {isa = PBXFileReference; lastKnownFileType = sourcecode.swift; path = MessageSFInfo.swift; sourceTree = "<group>"; };
		4B0057502842747A0054304A /* CavansPage.swift */ = {isa = PBXFileReference; lastKnownFileType = sourcecode.swift; path = CavansPage.swift; sourceTree = "<group>"; };
		4B005753284309A50054304A /* Tabbar.swift */ = {isa = PBXFileReference; lastKnownFileType = sourcecode.swift; path = Tabbar.swift; sourceTree = "<group>"; };
		4B005755284313260054304A /* Tab.swift */ = {isa = PBXFileReference; lastKnownFileType = sourcecode.swift; path = Tab.swift; sourceTree = "<group>"; };
		4B005759284490C30054304A /* LoginPage.swift */ = {isa = PBXFileReference; lastKnownFileType = sourcecode.swift; path = LoginPage.swift; sourceTree = "<group>"; };
		4B0057672845C49A0054304A /* TempView.swift */ = {isa = PBXFileReference; lastKnownFileType = sourcecode.swift; path = TempView.swift; sourceTree = "<group>"; };
		4B00576A2845F2F90054304A /* HomeListData.json */ = {isa = PBXFileReference; fileEncoding = 4; lastKnownFileType = text.json; path = HomeListData.json; sourceTree = "<group>"; };
		4B00576D2845F39B0054304A /* HomeListModel.swift */ = {isa = PBXFileReference; lastKnownFileType = sourcecode.swift; path = HomeListModel.swift; sourceTree = "<group>"; };
		4BD7AD56283F245D00EE63FE /* ZXSwiftUI_Product.app */ = {isa = PBXFileReference; explicitFileType = wrapper.application; includeInIndex = 0; path = ZXSwiftUI_Product.app; sourceTree = BUILT_PRODUCTS_DIR; };
		4BD7AD59283F245D00EE63FE /* ZXSwiftUI_ProductApp.swift */ = {isa = PBXFileReference; lastKnownFileType = sourcecode.swift; path = ZXSwiftUI_ProductApp.swift; sourceTree = "<group>"; };
		4BD7AD5B283F245D00EE63FE /* ContentView.swift */ = {isa = PBXFileReference; lastKnownFileType = sourcecode.swift; path = ContentView.swift; sourceTree = "<group>"; };
		4BD7AD5D283F245E00EE63FE /* Assets.xcassets */ = {isa = PBXFileReference; lastKnownFileType = folder.assetcatalog; path = Assets.xcassets; sourceTree = "<group>"; };
		4BD7AD60283F245E00EE63FE /* Preview Assets.xcassets */ = {isa = PBXFileReference; lastKnownFileType = folder.assetcatalog; path = "Preview Assets.xcassets"; sourceTree = "<group>"; };
		4BD7AD6C283F25A900EE63FE /* HomeVC.swift */ = {isa = PBXFileReference; lastKnownFileType = sourcecode.swift; path = HomeVC.swift; sourceTree = "<group>"; };
		4BD7AD6F283F25D200EE63FE /* MeVC.swift */ = {isa = PBXFileReference; lastKnownFileType = sourcecode.swift; path = MeVC.swift; sourceTree = "<group>"; };
		4BD7AD72283F25E900EE63FE /* AddressVC.swift */ = {isa = PBXFileReference; lastKnownFileType = sourcecode.swift; path = AddressVC.swift; sourceTree = "<group>"; };
		4BD7AD75283F25FD00EE63FE /* MessageVC.swift */ = {isa = PBXFileReference; lastKnownFileType = sourcecode.swift; path = MessageVC.swift; sourceTree = "<group>"; };
/* End PBXFileReference section */

/* Begin PBXFrameworksBuildPhase section */
		4BD7AD53283F245D00EE63FE /* Frameworks */ = {
			isa = PBXFrameworksBuildPhase;
			buildActionMask = 2147483647;
			files = (
			);
			runOnlyForDeploymentPostprocessing = 0;
		};
/* End PBXFrameworksBuildPhase section */

/* Begin PBXGroup section */
		4B00571E28406AA80054304A /* Common */ = {
			isa = PBXGroup;
			children = (
				4B00571F28406AC30054304A /* ModelData.swift */,
				4B0057452840BCE30054304A /* UserDefault-Extern.swift */,
			);
			path = Common;
			sourceTree = "<group>";
		};
		4B0057272840A3490054304A /* V */ = {
			isa = PBXGroup;
			children = (
				4B00573A2840B2070054304A /* Hikes */,
				4B00571328405DA70054304A /* MapView.swift */,
				4B00571728405FB40054304A /* CircleImage.swift */,
				4B00572128406D7F0054304A /* LandmarkRow.swift */,
				4B005725284084990054304A /* FavoriteButton.swift */,
				4B00572E2840A6900054304A /* BadgeBackground.swift */,
				4B0057302840ACEC0054304A /* BadgeSymbol.swift */,
				4B0057322840AD690054304A /* RotatedBadgeSymbol.swift */,
				4B0057342840ADC70054304A /* Badge.swift */,
			);
			path = V;
			sourceTree = "<group>";
		};
		4B0057282840A3630054304A /* Data */ = {
			isa = PBXGroup;
			children = (
				4B00571A284066600054304A /* landmarkData.json */,
				4B0057362840AFE30054304A /* hikeData.json */,
			);
			path = Data;
			sourceTree = "<group>";
		};
		4B0057292840A3770054304A /* M */ = {
			isa = PBXGroup;
			children = (
				4B00571C2840669B0054304A /* Landmark.swift */,
				4B00572C2840A4450054304A /* HexagonParameters.swift */,
				4B0057382840B01D0054304A /* Hike.swift */,
			);
			path = M;
			sourceTree = "<group>";
		};
		4B00573A2840B2070054304A /* Hikes */ = {
			isa = PBXGroup;
			children = (
				4B00573B2840B2070054304A /* GraphCapsule.swift */,
				4B00573C2840B2070054304A /* HikeGraph.swift */,
				4B00573D2840B2070054304A /* HikeDetail.swift */,
				4B00573E2840B2070054304A /* HikeView.swift */,
			);
			path = Hikes;
			sourceTree = "<group>";
		};
		4B00575B2844FC3C0054304A /* Navigation */ = {
			isa = PBXGroup;
			children = (
				4BD7AD5B283F245D00EE63FE /* ContentView.swift */,
				4B005753284309A50054304A /* Tabbar.swift */,
			);
			path = Navigation;
			sourceTree = "<group>";
		};
		4B00575C2844FC930054304A /* Views */ = {
			isa = PBXGroup;
			children = (
				4B0057652844FF4A0054304A /* Login */,
				4B0057612844FDF80054304A /* Me */,
				4B0057602844FDEF0054304A /* Address */,
				4B00575F2844FDE40054304A /* Message */,
				4B00575E2844FDDC0054304A /* Home */,
			);
			path = Views;
			sourceTree = "<group>";
		};
		4B00575D2844FCF40054304A /* Model */ = {
			isa = PBXGroup;
			children = (
				4B00576C2845F3870054304A /* Home */,
				4B0057642844FEFD0054304A /* Me */,
				4B005755284313260054304A /* Tab.swift */,
			);
			path = Model;
			sourceTree = "<group>";
		};
		4B00575E2844FDDC0054304A /* Home */ = {
			isa = PBXGroup;
			children = (
				4BD7AD6C283F25A900EE63FE /* HomeVC.swift */,
				4B0057672845C49A0054304A /* TempView.swift */,
			);
			path = Home;
			sourceTree = "<group>";
		};
		4B00575F2844FDE40054304A /* Message */ = {
			isa = PBXGroup;
			children = (
				4BD7AD75283F25FD00EE63FE /* MessageVC.swift */,
			);
			path = Message;
			sourceTree = "<group>";
		};
		4B0057602844FDEF0054304A /* Address */ = {
			isa = PBXGroup;
			children = (
				4BD7AD72283F25E900EE63FE /* AddressVC.swift */,
			);
			path = Address;
			sourceTree = "<group>";
		};
		4B0057612844FDF80054304A /* Me */ = {
			isa = PBXGroup;
			children = (
				4BD7AD6F283F25D200EE63FE /* MeVC.swift */,
				4B005706283F2FA80054304A /* MeCell.swift */,
				4B00570B283F51860054304A /* MePageHeaderV.swift */,
				4B00570D283F57510054304A /* PersonalMessageVC.swift */,
				4B00570F283F83A70054304A /* MeIconVC.swift */,
				4B005711283F85AF0054304A /* ChangeNickNameVC.swift */,
				4B0057472840CA5F0054304A /* SexPage.swift */,
				4B0057492840D4D10054304A /* ChangePasswordPage.swift */,
			);
			path = Me;
			sourceTree = "<group>";
		};
		4B0057622844FE7E0054304A /* Components */ = {
			isa = PBXGroup;
			children = (
			);
			path = Components;
			sourceTree = "<group>";
		};
		4B0057632844FEB20054304A /* Types */ = {
			isa = PBXGroup;
			children = (
				4B00574B28421C520054304A /* modifier.swift */,
			);
			path = Types;
			sourceTree = "<group>";
		};
		4B0057642844FEFD0054304A /* Me */ = {
			isa = PBXGroup;
			children = (
				4B0057432840BA070054304A /* UserInfo.swift */,
				4B005709283F3EA00054304A /* Me_HomeList.swift */,
			);
			path = Me;
			sourceTree = "<group>";
		};
		4B0057652844FF4A0054304A /* Login */ = {
			isa = PBXGroup;
			children = (
				4B005759284490C30054304A /* LoginPage.swift */,
			);
			path = Login;
			sourceTree = "<group>";
		};
		4B0057692845F2E20054304A /* Data */ = {
			isa = PBXGroup;
			children = (
				4B00576A2845F2F90054304A /* HomeListData.json */,
			);
			path = Data;
			sourceTree = "<group>";
		};
		4B00576C2845F3870054304A /* Home */ = {
			isa = PBXGroup;
			children = (
				4B00576D2845F39B0054304A /* HomeListModel.swift */,
			);
			path = Home;
			sourceTree = "<group>";
		};
		4BD7AD4D283F245D00EE63FE = {
			isa = PBXGroup;
			children = (
				4BD7AD58283F245D00EE63FE /* ZXSwiftUI_Product */,
				4BD7AD57283F245D00EE63FE /* Products */,
			);
			sourceTree = "<group>";
		};
		4BD7AD57283F245D00EE63FE /* Products */ = {
			isa = PBXGroup;
			children = (
				4BD7AD56283F245D00EE63FE /* ZXSwiftUI_Product.app */,
			);
			name = Products;
			sourceTree = "<group>";
		};
		4BD7AD58283F245D00EE63FE /* ZXSwiftUI_Product */ = {
			isa = PBXGroup;
			children = (
				4B0057692845F2E20054304A /* Data */,
				4B0057632844FEB20054304A /* Types */,
				4B0057622844FE7E0054304A /* Components */,
				4B00575B2844FC3C0054304A /* Navigation */,
				4B00575C2844FC930054304A /* Views */,
				4B00575D2844FCF40054304A /* Model */,
				4B00571E28406AA80054304A /* Common */,
				4BD7AD6A283F249600EE63FE /* Canvas */,
				4BD7AD59283F245D00EE63FE /* ZXSwiftUI_ProductApp.swift */,
				4BD7AD5D283F245E00EE63FE /* Assets.xcassets */,
				4BD7AD5F283F245E00EE63FE /* Preview Content */,
			);
			path = ZXSwiftUI_Product;
			sourceTree = "<group>";
		};
		4BD7AD5F283F245E00EE63FE /* Preview Content */ = {
			isa = PBXGroup;
			children = (
				4BD7AD60283F245E00EE63FE /* Preview Assets.xcassets */,
			);
			path = "Preview Content";
			sourceTree = "<group>";
		};
		4BD7AD6A283F249600EE63FE /* Canvas */ = {
			isa = PBXGroup;
			children = (
				4B0057292840A3770054304A /* M */,
				4B0057282840A3630054304A /* Data */,
				4B0057272840A3490054304A /* V */,
				4BD7AD74283F25F300EE63FE /* VC */,
			);
			path = Canvas;
			sourceTree = "<group>";
		};
		4BD7AD74283F25F300EE63FE /* VC */ = {
			isa = PBXGroup;
			children = (
				4B00571528405F260054304A /* MapInfoVIew.swift */,
				4B005723284073440054304A /* LandmarkList.swift */,
				4B00574D28422D230054304A /* MessageSFInfo.swift */,
				4B0057502842747A0054304A /* CavansPage.swift */,
			);
			path = VC;
			sourceTree = "<group>";
		};
/* End PBXGroup section */

/* Begin PBXNativeTarget section */
		4BD7AD55283F245D00EE63FE /* ZXSwiftUI_Product */ = {
			isa = PBXNativeTarget;
			buildConfigurationList = 4BD7AD64283F245E00EE63FE /* Build configuration list for PBXNativeTarget "ZXSwiftUI_Product" */;
			buildPhases = (
				4BD7AD52283F245D00EE63FE /* Sources */,
				4BD7AD53283F245D00EE63FE /* Frameworks */,
				4BD7AD54283F245D00EE63FE /* Resources */,
			);
			buildRules = (
			);
			dependencies = (
			);
			name = ZXSwiftUI_Product;
			productName = ZXSwiftUI_Product;
			productReference = 4BD7AD56283F245D00EE63FE /* ZXSwiftUI_Product.app */;
			productType = "com.apple.product-type.application";
		};
/* End PBXNativeTarget section */

/* Begin PBXProject section */
		4BD7AD4E283F245D00EE63FE /* Project object */ = {
			isa = PBXProject;
			attributes = {
				BuildIndependentTargetsInParallel = 1;
				LastSwiftUpdateCheck = 1330;
				LastUpgradeCheck = 1330;
				TargetAttributes = {
					4BD7AD55283F245D00EE63FE = {
						CreatedOnToolsVersion = 13.3.1;
					};
				};
			};
			buildConfigurationList = 4BD7AD51283F245D00EE63FE /* Build configuration list for PBXProject "ZXSwiftUI_Product" */;
			compatibilityVersion = "Xcode 13.0";
			developmentRegion = en;
			hasScannedForEncodings = 0;
			knownRegions = (
				en,
				Base,
			);
			mainGroup = 4BD7AD4D283F245D00EE63FE;
			productRefGroup = 4BD7AD57283F245D00EE63FE /* Products */;
			projectDirPath = "";
			projectRoot = "";
			targets = (
				4BD7AD55283F245D00EE63FE /* ZXSwiftUI_Product */,
			);
		};
/* End PBXProject section */

/* Begin PBXResourcesBuildPhase section */
		4BD7AD54283F245D00EE63FE /* Resources */ = {
			isa = PBXResourcesBuildPhase;
			buildActionMask = 2147483647;
			files = (
				4B0057372840AFE30054304A /* hikeData.json in Resources */,
				4BD7AD61283F245E00EE63FE /* Preview Assets.xcassets in Resources */,
				4BD7AD5E283F245E00EE63FE /* Assets.xcassets in Resources */,
				4B00571B284066600054304A /* landmarkData.json in Resources */,
				4B00576B2845F2F90054304A /* HomeListData.json in Resources */,
			);
			runOnlyForDeploymentPostprocessing = 0;
		};
/* End PBXResourcesBuildPhase section */

/* Begin PBXSourcesBuildPhase section */
		4BD7AD52283F245D00EE63FE /* Sources */ = {
			isa = PBXSourcesBuildPhase;
			buildActionMask = 2147483647;
			files = (
				4B00572D2840A4450054304A /* HexagonParameters.swift in Sources */,
				4B00572028406AC40054304A /* ModelData.swift in Sources */,
				4B0057412840B2070054304A /* HikeDetail.swift in Sources */,
				4B00570A283F3EA00054304A /* Me_HomeList.swift in Sources */,
				4B00571628405F260054304A /* MapInfoVIew.swift in Sources */,
				4B0057392840B01D0054304A /* Hike.swift in Sources */,
				4B005726284084990054304A /* FavoriteButton.swift in Sources */,
				4B005724284073440054304A /* LandmarkList.swift in Sources */,
				4B00575A284490C30054304A /* LoginPage.swift in Sources */,
				4B00570C283F51860054304A /* MePageHeaderV.swift in Sources */,
				4B00571D2840669B0054304A /* Landmark.swift in Sources */,
				4BD7AD70283F25D200EE63FE /* MeVC.swift in Sources */,
				4B005754284309A50054304A /* Tabbar.swift in Sources */,
				4BD7AD6D283F25A900EE63FE /* HomeVC.swift in Sources */,
				4B00574E28422D230054304A /* MessageSFInfo.swift in Sources */,
				4B0057442840BA070054304A /* UserInfo.swift in Sources */,
				4B00571428405DA70054304A /* MapView.swift in Sources */,
				4B00574C28421C520054304A /* modifier.swift in Sources */,
				4B0057422840B2070054304A /* HikeView.swift in Sources */,
				4B00572228406D7F0054304A /* LandmarkRow.swift in Sources */,
				4B00570E283F57510054304A /* PersonalMessageVC.swift in Sources */,
				4BD7AD73283F25E900EE63FE /* AddressVC.swift in Sources */,
				4B005712283F85AF0054304A /* ChangeNickNameVC.swift in Sources */,
				4B0057682845C49A0054304A /* TempView.swift in Sources */,
				4BD7AD5C283F245D00EE63FE /* ContentView.swift in Sources */,
				4B005707283F2FA80054304A /* MeCell.swift in Sources */,
				4B00574A2840D4D10054304A /* ChangePasswordPage.swift in Sources */,
				4B00572F2840A6900054304A /* BadgeBackground.swift in Sources */,
				4B005710283F83A70054304A /* MeIconVC.swift in Sources */,
				4BD7AD76283F25FD00EE63FE /* MessageVC.swift in Sources */,
				4B00576E2845F39B0054304A /* HomeListModel.swift in Sources */,
				4BD7AD5A283F245D00EE63FE /* ZXSwiftUI_ProductApp.swift in Sources */,
				4B0057512842747A0054304A /* CavansPage.swift in Sources */,
				4B0057352840ADC70054304A /* Badge.swift in Sources */,
				4B0057462840BCE30054304A /* UserDefault-Extern.swift in Sources */,
				4B0057482840CA5F0054304A /* SexPage.swift in Sources */,
				4B005756284313260054304A /* Tab.swift in Sources */,
				4B00573F2840B2070054304A /* GraphCapsule.swift in Sources */,
				4B00571828405FB40054304A /* CircleImage.swift in Sources */,
				4B0057402840B2070054304A /* HikeGraph.swift in Sources */,
				4B0057312840ACEC0054304A /* BadgeSymbol.swift in Sources */,
				4B0057332840AD690054304A /* RotatedBadgeSymbol.swift in Sources */,
			);
			runOnlyForDeploymentPostprocessing = 0;
		};
/* End PBXSourcesBuildPhase section */

/* Begin XCBuildConfiguration section */
		4BD7AD62283F245E00EE63FE /* Debug */ = {
			isa = XCBuildConfiguration;
			buildSettings = {
				ALWAYS_SEARCH_USER_PATHS = NO;
				CLANG_ANALYZER_NONNULL = YES;
				CLANG_ANALYZER_NUMBER_OBJECT_CONVERSION = YES_AGGRESSIVE;
				CLANG_CXX_LANGUAGE_STANDARD = "gnu++17";
				CLANG_ENABLE_MODULES = YES;
				CLANG_ENABLE_OBJC_ARC = YES;
				CLANG_ENABLE_OBJC_WEAK = YES;
				CLANG_WARN_BLOCK_CAPTURE_AUTORELEASING = YES;
				CLANG_WARN_BOOL_CONVERSION = YES;
				CLANG_WARN_COMMA = YES;
				CLANG_WARN_CONSTANT_CONVERSION = YES;
				CLANG_WARN_DEPRECATED_OBJC_IMPLEMENTATIONS = YES;
				CLANG_WARN_DIRECT_OBJC_ISA_USAGE = YES_ERROR;
				CLANG_WARN_DOCUMENTATION_COMMENTS = YES;
				CLANG_WARN_EMPTY_BODY = YES;
				CLANG_WARN_ENUM_CONVERSION = YES;
				CLANG_WARN_INFINITE_RECURSION = YES;
				CLANG_WARN_INT_CONVERSION = YES;
				CLANG_WARN_NON_LITERAL_NULL_CONVERSION = YES;
				CLANG_WARN_OBJC_IMPLICIT_RETAIN_SELF = YES;
				CLANG_WARN_OBJC_LITERAL_CONVERSION = YES;
				CLANG_WARN_OBJC_ROOT_CLASS = YES_ERROR;
				CLANG_WARN_QUOTED_INCLUDE_IN_FRAMEWORK_HEADER = YES;
				CLANG_WARN_RANGE_LOOP_ANALYSIS = YES;
				CLANG_WARN_STRICT_PROTOTYPES = YES;
				CLANG_WARN_SUSPICIOUS_MOVE = YES;
				CLANG_WARN_UNGUARDED_AVAILABILITY = YES_AGGRESSIVE;
				CLANG_WARN_UNREACHABLE_CODE = YES;
				CLANG_WARN__DUPLICATE_METHOD_MATCH = YES;
				COPY_PHASE_STRIP = NO;
				DEBUG_INFORMATION_FORMAT = dwarf;
				ENABLE_STRICT_OBJC_MSGSEND = YES;
				ENABLE_TESTABILITY = YES;
				GCC_C_LANGUAGE_STANDARD = gnu11;
				GCC_DYNAMIC_NO_PIC = NO;
				GCC_NO_COMMON_BLOCKS = YES;
				GCC_OPTIMIZATION_LEVEL = 0;
				GCC_PREPROCESSOR_DEFINITIONS = (
					"DEBUG=1",
					"$(inherited)",
				);
				GCC_WARN_64_TO_32_BIT_CONVERSION = YES;
				GCC_WARN_ABOUT_RETURN_TYPE = YES_ERROR;
				GCC_WARN_UNDECLARED_SELECTOR = YES;
				GCC_WARN_UNINITIALIZED_AUTOS = YES_AGGRESSIVE;
				GCC_WARN_UNUSED_FUNCTION = YES;
				GCC_WARN_UNUSED_VARIABLE = YES;
				IPHONEOS_DEPLOYMENT_TARGET = 15.4;
				MTL_ENABLE_DEBUG_INFO = INCLUDE_SOURCE;
				MTL_FAST_MATH = YES;
				ONLY_ACTIVE_ARCH = YES;
				SDKROOT = iphoneos;
				SWIFT_ACTIVE_COMPILATION_CONDITIONS = DEBUG;
				SWIFT_OPTIMIZATION_LEVEL = "-Onone";
			};
			name = Debug;
		};
		4BD7AD63283F245E00EE63FE /* Release */ = {
			isa = XCBuildConfiguration;
			buildSettings = {
				ALWAYS_SEARCH_USER_PATHS = NO;
				CLANG_ANALYZER_NONNULL = YES;
				CLANG_ANALYZER_NUMBER_OBJECT_CONVERSION = YES_AGGRESSIVE;
				CLANG_CXX_LANGUAGE_STANDARD = "gnu++17";
				CLANG_ENABLE_MODULES = YES;
				CLANG_ENABLE_OBJC_ARC = YES;
				CLANG_ENABLE_OBJC_WEAK = YES;
				CLANG_WARN_BLOCK_CAPTURE_AUTORELEASING = YES;
				CLANG_WARN_BOOL_CONVERSION = YES;
				CLANG_WARN_COMMA = YES;
				CLANG_WARN_CONSTANT_CONVERSION = YES;
				CLANG_WARN_DEPRECATED_OBJC_IMPLEMENTATIONS = YES;
				CLANG_WARN_DIRECT_OBJC_ISA_USAGE = YES_ERROR;
				CLANG_WARN_DOCUMENTATION_COMMENTS = YES;
				CLANG_WARN_EMPTY_BODY = YES;
				CLANG_WARN_ENUM_CONVERSION = YES;
				CLANG_WARN_INFINITE_RECURSION = YES;
				CLANG_WARN_INT_CONVERSION = YES;
				CLANG_WARN_NON_LITERAL_NULL_CONVERSION = YES;
				CLANG_WARN_OBJC_IMPLICIT_RETAIN_SELF = YES;
				CLANG_WARN_OBJC_LITERAL_CONVERSION = YES;
				CLANG_WARN_OBJC_ROOT_CLASS = YES_ERROR;
				CLANG_WARN_QUOTED_INCLUDE_IN_FRAMEWORK_HEADER = YES;
				CLANG_WARN_RANGE_LOOP_ANALYSIS = YES;
				CLANG_WARN_STRICT_PROTOTYPES = YES;
				CLANG_WARN_SUSPICIOUS_MOVE = YES;
				CLANG_WARN_UNGUARDED_AVAILABILITY = YES_AGGRESSIVE;
				CLANG_WARN_UNREACHABLE_CODE = YES;
				CLANG_WARN__DUPLICATE_METHOD_MATCH = YES;
				COPY_PHASE_STRIP = NO;
				DEBUG_INFORMATION_FORMAT = "dwarf-with-dsym";
				ENABLE_NS_ASSERTIONS = NO;
				ENABLE_STRICT_OBJC_MSGSEND = YES;
				GCC_C_LANGUAGE_STANDARD = gnu11;
				GCC_NO_COMMON_BLOCKS = YES;
				GCC_WARN_64_TO_32_BIT_CONVERSION = YES;
				GCC_WARN_ABOUT_RETURN_TYPE = YES_ERROR;
				GCC_WARN_UNDECLARED_SELECTOR = YES;
				GCC_WARN_UNINITIALIZED_AUTOS = YES_AGGRESSIVE;
				GCC_WARN_UNUSED_FUNCTION = YES;
				GCC_WARN_UNUSED_VARIABLE = YES;
				IPHONEOS_DEPLOYMENT_TARGET = 15.4;
				MTL_ENABLE_DEBUG_INFO = NO;
				MTL_FAST_MATH = YES;
				SDKROOT = iphoneos;
				SWIFT_COMPILATION_MODE = wholemodule;
				SWIFT_OPTIMIZATION_LEVEL = "-O";
				VALIDATE_PRODUCT = YES;
			};
			name = Release;
		};
		4BD7AD65283F245E00EE63FE /* Debug */ = {
			isa = XCBuildConfiguration;
			buildSettings = {
				ASSETCATALOG_COMPILER_APPICON_NAME = AppIcon;
				ASSETCATALOG_COMPILER_GLOBAL_ACCENT_COLOR_NAME = AccentColor;
				CODE_SIGN_STYLE = Automatic;
				CURRENT_PROJECT_VERSION = 1;
				DEVELOPMENT_ASSET_PATHS = "\"ZXSwiftUI_Product/Preview Content\"";
				DEVELOPMENT_TEAM = C5P3692DC5;
				ENABLE_PREVIEWS = YES;
				GENERATE_INFOPLIST_FILE = YES;
				INFOPLIST_FILE = "ZXSwiftUI-Product-Info.plist";
				INFOPLIST_KEY_UIApplicationSceneManifest_Generation = YES;
				INFOPLIST_KEY_UIApplicationSupportsIndirectInputEvents = YES;
				INFOPLIST_KEY_UILaunchScreen_Generation = YES;
				INFOPLIST_KEY_UISupportedInterfaceOrientations_iPad = "UIInterfaceOrientationPortrait UIInterfaceOrientationPortraitUpsideDown UIInterfaceOrientationLandscapeLeft UIInterfaceOrientationLandscapeRight";
				INFOPLIST_KEY_UISupportedInterfaceOrientations_iPhone = "UIInterfaceOrientationPortrait UIInterfaceOrientationLandscapeLeft UIInterfaceOrientationLandscapeRight";
				IPHONEOS_DEPLOYMENT_TARGET = 15.0;
				LD_RUNPATH_SEARCH_PATHS = (
					"$(inherited)",
					"@executable_path/Frameworks",
				);
				MARKETING_VERSION = 1.0;
				PRODUCT_BUNDLE_IDENTIFIER = "com.lsj.ZXSwiftUI-Product";
				PRODUCT_NAME = "$(TARGET_NAME)";
				SWIFT_EMIT_LOC_STRINGS = YES;
				SWIFT_VERSION = 5.0;
				TARGETED_DEVICE_FAMILY = 1;
			};
			name = Debug;
		};
		4BD7AD66283F245E00EE63FE /* Release */ = {
			isa = XCBuildConfiguration;
			buildSettings = {
				ASSETCATALOG_COMPILER_APPICON_NAME = AppIcon;
				ASSETCATALOG_COMPILER_GLOBAL_ACCENT_COLOR_NAME = AccentColor;
				CODE_SIGN_STYLE = Automatic;
				CURRENT_PROJECT_VERSION = 1;
				DEVELOPMENT_ASSET_PATHS = "\"ZXSwiftUI_Product/Preview Content\"";
				DEVELOPMENT_TEAM = C5P3692DC5;
				ENABLE_PREVIEWS = YES;
				GENERATE_INFOPLIST_FILE = YES;
				INFOPLIST_FILE = "ZXSwiftUI-Product-Info.plist";
				INFOPLIST_KEY_UIApplicationSceneManifest_Generation = YES;
				INFOPLIST_KEY_UIApplicationSupportsIndirectInputEvents = YES;
				INFOPLIST_KEY_UILaunchScreen_Generation = YES;
				INFOPLIST_KEY_UISupportedInterfaceOrientations_iPad = "UIInterfaceOrientationPortrait UIInterfaceOrientationPortraitUpsideDown UIInterfaceOrientationLandscapeLeft UIInterfaceOrientationLandscapeRight";
				INFOPLIST_KEY_UISupportedInterfaceOrientations_iPhone = "UIInterfaceOrientationPortrait UIInterfaceOrientationLandscapeLeft UIInterfaceOrientationLandscapeRight";
				IPHONEOS_DEPLOYMENT_TARGET = 15.0;
				LD_RUNPATH_SEARCH_PATHS = (
					"$(inherited)",
					"@executable_path/Frameworks",
				);
				MARKETING_VERSION = 1.0;
				PRODUCT_BUNDLE_IDENTIFIER = "com.lsj.ZXSwiftUI-Product";
				PRODUCT_NAME = "$(TARGET_NAME)";
				SWIFT_EMIT_LOC_STRINGS = YES;
				SWIFT_VERSION = 5.0;
				TARGETED_DEVICE_FAMILY = 1;
			};
			name = Release;
		};
/* End XCBuildConfiguration section */

/* Begin XCConfigurationList section */
		4BD7AD51283F245D00EE63FE /* Build configuration list for PBXProject "ZXSwiftUI_Product" */ = {
			isa = XCConfigurationList;
			buildConfigurations = (
				4BD7AD62283F245E00EE63FE /* Debug */,
				4BD7AD63283F245E00EE63FE /* Release */,
			);
			defaultConfigurationIsVisible = 0;
			defaultConfigurationName = Release;
		};
		4BD7AD64283F245E00EE63FE /* Build configuration list for PBXNativeTarget "ZXSwiftUI_Product" */ = {
			isa = XCConfigurationList;
			buildConfigurations = (
				4BD7AD65283F245E00EE63FE /* Debug */,
				4BD7AD66283F245E00EE63FE /* Release */,
			);
			defaultConfigurationIsVisible = 0;
			defaultConfigurationName = Release;
		};
/* End XCConfigurationList section */
	};
	rootObject = 4BD7AD4E283F245D00EE63FE /* Project object */;
}
